{
  "originHash" : "7b798288e96c65746deb3b4859a3fe47d934ec30c079ca7d539bed9265ac02da",
  "pins" : [
    {
      "identity" : "untoldengine",
      "kind" : "remoteSourceControl",
      "location" : "https://github.com/untoldengine/UntoldEngine.git",
      "state" : {
        "branch" : "master",
        "revision" : "a6028fe4ea5c4dd43255d4c9bf8853a6c1b09c87"
      }
    }
  ],
  "version" : 3
}
